
Microsoft Visual Studio Solution File, Format Version 12.00
# Visual Studio Version 16
VisualStudioVersion = 16.0.31727.386
MinimumVisualStudioVersion = 10.0.40219.1
Project("{888888A0-9F3D-457C-B088-3A5042F75D52}") = "countdown", "countdown\countdown.pyproj", "{AD634E77-87F2-4541-9D6E-355A36B9682E}"
EndProject
Global
	GlobalSection(SolutionConfigurationPlatforms) = preSolution
		Debug|Any CPU = Debug|Any CPU
		Release|Any CPU = Release|Any CPU
	EndGlobalSection
	GlobalSection(ProjectConfigurationPlatforms) = postSolution
		{AD634E77-87F2-4541-9D6E-355A36B9682E}.Debug|Any CPU.ActiveCfg = Debug|Any CPU
		{AD634E77-87F2-4541-9D6E-355A36B9682E}.Release|Any CPU.ActiveCfg = Release|Any CPU
	EndGlobalSection
	GlobalSection(SolutionProperties) = preSolution
		HideSolutionNode = FALSE
	EndGlobalSection
	GlobalSection(ExtensibilityGlobals) = postSolution
		SolutionGuid = {92E51095-8FB6-43EB-BA79-EDAD1E393604}
	EndGlobalSection
EndGlobal
